
Microsoft Visual Studio Solution File, Format Version 12.00
# Visual Studio 15
VisualStudioVersion = 15.0.26124.0
MinimumVisualStudioVersion = 15.0.26124.0
Project("{FAE04EC0-301F-11D3-BF4B-00C04F79EFBC}") = "hearme-backend.domain", "hearme-backend.domain\hearme-backend.domain.csproj", "{3498DE02-7E52-4D26-8B7A-218670FDCF86}"
EndProject
Project("{FAE04EC0-301F-11D3-BF4B-00C04F79EFBC}") = "hearme-backend.repository", "hearme-backend.repository\hearme-backend.repository.csproj", "{82EE1222-F91D-49E7-884E-8B569E63C74C}"
EndProject
Project("{FAE04EC0-301F-11D3-BF4B-00C04F79EFBC}") = "hearme-backend.webapi", "hearme-backend.webapi\hearme-backend.webapi.csproj", "{8B74CD30-1AB2-4E18-86BE-6027A60F8689}"
EndProject
Global
	GlobalSection(SolutionConfigurationPlatforms) = preSolution
		Debug|Any CPU = Debug|Any CPU
		Debug|x64 = Debug|x64
		Debug|x86 = Debug|x86
		Release|Any CPU = Release|Any CPU
		Release|x64 = Release|x64
		Release|x86 = Release|x86
	EndGlobalSection
	GlobalSection(SolutionProperties) = preSolution
		HideSolutionNode = FALSE
	EndGlobalSection
	GlobalSection(ProjectConfigurationPlatforms) = postSolution
		{3498DE02-7E52-4D26-8B7A-218670FDCF86}.Debug|Any CPU.ActiveCfg = Debug|Any CPU
		{3498DE02-7E52-4D26-8B7A-218670FDCF86}.Debug|Any CPU.Build.0 = Debug|Any CPU
		{3498DE02-7E52-4D26-8B7A-218670FDCF86}.Debug|x64.ActiveCfg = Debug|x64
		{3498DE02-7E52-4D26-8B7A-218670FDCF86}.Debug|x64.Build.0 = Debug|x64
		{3498DE02-7E52-4D26-8B7A-218670FDCF86}.Debug|x86.ActiveCfg = Debug|x86
		{3498DE02-7E52-4D26-8B7A-218670FDCF86}.Debug|x86.Build.0 = Debug|x86
		{3498DE02-7E52-4D26-8B7A-218670FDCF86}.Release|Any CPU.ActiveCfg = Release|Any CPU
		{3498DE02-7E52-4D26-8B7A-218670FDCF86}.Release|Any CPU.Build.0 = Release|Any CPU
		{3498DE02-7E52-4D26-8B7A-218670FDCF86}.Release|x64.ActiveCfg = Release|x64
		{3498DE02-7E52-4D26-8B7A-218670FDCF86}.Release|x64.Build.0 = Release|x64
		{3498DE02-7E52-4D26-8B7A-218670FDCF86}.Release|x86.ActiveCfg = Release|x86
		{3498DE02-7E52-4D26-8B7A-218670FDCF86}.Release|x86.Build.0 = Release|x86
		{82EE1222-F91D-49E7-884E-8B569E63C74C}.Debug|Any CPU.ActiveCfg = Debug|Any CPU
		{82EE1222-F91D-49E7-884E-8B569E63C74C}.Debug|Any CPU.Build.0 = Debug|Any CPU
		{82EE1222-F91D-49E7-884E-8B569E63C74C}.Debug|x64.ActiveCfg = Debug|x64
		{82EE1222-F91D-49E7-884E-8B569E63C74C}.Debug|x64.Build.0 = Debug|x64
		{82EE1222-F91D-49E7-884E-8B569E63C74C}.Debug|x86.ActiveCfg = Debug|x86
		{82EE1222-F91D-49E7-884E-8B569E63C74C}.Debug|x86.Build.0 = Debug|x86
		{82EE1222-F91D-49E7-884E-8B569E63C74C}.Release|Any CPU.ActiveCfg = Release|Any CPU
		{82EE1222-F91D-49E7-884E-8B569E63C74C}.Release|Any CPU.Build.0 = Release|Any CPU
		{82EE1222-F91D-49E7-884E-8B569E63C74C}.Release|x64.ActiveCfg = Release|x64
		{82EE1222-F91D-49E7-884E-8B569E63C74C}.Release|x64.Build.0 = Release|x64
		{82EE1222-F91D-49E7-884E-8B569E63C74C}.Release|x86.ActiveCfg = Release|x86
		{82EE1222-F91D-49E7-884E-8B569E63C74C}.Release|x86.Build.0 = Release|x86
		{8B74CD30-1AB2-4E18-86BE-6027A60F8689}.Debug|Any CPU.ActiveCfg = Debug|Any CPU
		{8B74CD30-1AB2-4E18-86BE-6027A60F8689}.Debug|Any CPU.Build.0 = Debug|Any CPU
		{8B74CD30-1AB2-4E18-86BE-6027A60F8689}.Debug|x64.ActiveCfg = Debug|x64
		{8B74CD30-1AB2-4E18-86BE-6027A60F8689}.Debug|x64.Build.0 = Debug|x64
		{8B74CD30-1AB2-4E18-86BE-6027A60F8689}.Debug|x86.ActiveCfg = Debug|x86
		{8B74CD30-1AB2-4E18-86BE-6027A60F8689}.Debug|x86.Build.0 = Debug|x86
		{8B74CD30-1AB2-4E18-86BE-6027A60F8689}.Release|Any CPU.ActiveCfg = Release|Any CPU
		{8B74CD30-1AB2-4E18-86BE-6027A60F8689}.Release|Any CPU.Build.0 = Release|Any CPU
		{8B74CD30-1AB2-4E18-86BE-6027A60F8689}.Release|x64.ActiveCfg = Release|x64
		{8B74CD30-1AB2-4E18-86BE-6027A60F8689}.Release|x64.Build.0 = Release|x64
		{8B74CD30-1AB2-4E18-86BE-6027A60F8689}.Release|x86.ActiveCfg = Release|x86
		{8B74CD30-1AB2-4E18-86BE-6027A60F8689}.Release|x86.Build.0 = Release|x86
	EndGlobalSection
EndGlobal
